<?xml version="1.0" encoding="utf-8"?>
<Project ToolsVersion="4.0" xmlns="http://schemas.microsoft.com/developer/msbuild/2003">
  <ItemGroup>
    <Filter Include="Source Files">
      <UniqueIdentifier>{9a724da5-6466-43d3-8ea9-5f51a0df2f75}</UniqueIdentifier>
      <Extensions>cpp;c;cxx;def;odl;idl;hpj;bat;asm</Extensions>
    </Filter>
    <Filter Include="Header Files">
      <UniqueIdentifier>{3f3b9520-8266-4321-ba71-a7e6d7e39ac2}</UniqueIdentifier>
      <Extensions>h;hpp;hxx;hm;inl;inc</Extensions>
    </Filter>
    <Filter Include="Resource Files">
      <UniqueIdentifier>{c8915f9f-ec6b-4cc3-832c-33615bc0cb80}</UniqueIdentifier>
      <Extensions>rc;ico;cur;bmp;dlg;rc2;rct;bin;rgs;gif;jpg;jpeg;jpe;r</Extensions>
    </Filter>
  </ItemGroup>
  <ItemGroup>
    <ClCompile Include="AssemblyInfo.cpp">
      <Filter>Source Files</Filter>
    </ClCompile>
    <ClCompile Include="CPPMessageStore.cpp">
      <Filter>Source Files</Filter>
    </ClCompile>
    <ClCompile Include="FieldMap.cpp">
      <Filter>Source Files</Filter>
    </ClCompile>
    <ClCompile Include="Fields.cpp">
      <Filter>Source Files</Filter>
    </ClCompile>
    <ClCompile Include="FileLog.cpp">
      <Filter>Source Files</Filter>
    </ClCompile>
    <ClCompile Include="FileMessageStore.cpp">
      <Filter>Source Files</Filter>
    </ClCompile>
    <ClCompile Include="Group.cpp">
      <Filter>Source Files</Filter>
    </ClCompile>
    <ClCompile Include="MemoryMessageStore.cpp">
      <Filter>Source Files</Filter>
    </ClCompile>
    <ClCompile Include="Message.cpp">
      <Filter>Source Files</Filter>
    </ClCompile>
    <ClCompile Include="MessageStore.cpp">
      <Filter>Source Files</Filter>
    </ClCompile>
    <ClCompile Include="MessageStoreFactory.cpp">
      <Filter>Source Files</Filter>
    </ClCompile>
    <ClCompile Include="MySQLLog.cpp">
      <Filter>Source Files</Filter>
    </ClCompile>
    <ClCompile Include="MySQLStore.cpp">
      <Filter>Source Files</Filter>
    </ClCompile>
    <ClCompile Include="OdbcLog.cpp">
      <Filter>Source Files</Filter>
    </ClCompile>
    <ClCompile Include="OdbcStore.cpp">
      <Filter>Source Files</Filter>
    </ClCompile>
    <ClCompile Include="PostgreSQLLog.cpp">
      <Filter>Source Files</Filter>
    </ClCompile>
    <ClCompile Include="PostgreSQLStore.cpp">
      <Filter>Source Files</Filter>
    </ClCompile>
    <ClCompile Include="quickfix_net.cpp">
      <Filter>Source Files</Filter>
    </ClCompile>
    <ClCompile Include="ScreenLog.cpp">
      <Filter>Source Files</Filter>
    </ClCompile>
    <ClCompile Include="Session.cpp">
      <Filter>Source Files</Filter>
    </ClCompile>
    <ClCompile Include="Stdafx.cpp">
      <Filter>Source Files</Filter>
    </ClCompile>
  </ItemGroup>
  <ItemGroup>
    <ClInclude Include="Acceptor.h">
      <Filter>Header Files</Filter>
    </ClInclude>
    <ClInclude Include="Application.h">
      <Filter>Header Files</Filter>
    </ClInclude>
    <ClInclude Include="CPPLog.h">
      <Filter>Header Files</Filter>
    </ClInclude>
    <ClInclude Include="CPPMessageStore.h">
      <Filter>Header Files</Filter>
    </ClInclude>
    <ClInclude Include="DataDictionary.h">
      <Filter>Header Files</Filter>
    </ClInclude>
    <ClInclude Include="Dictionary.h">
      <Filter>Header Files</Filter>
    </ClInclude>
    <ClInclude Include="Exceptions.h">
      <Filter>Header Files</Filter>
    </ClInclude>
    <ClInclude Include="Field.h">
      <Filter>Header Files</Filter>
    </ClInclude>
    <ClInclude Include="Fields.h">
      <Filter>Header Files</Filter>
    </ClInclude>
    <ClInclude Include="FileLog.h">
      <Filter>Header Files</Filter>
    </ClInclude>
    <ClInclude Include="FileMessageStore.h">
      <Filter>Header Files</Filter>
    </ClInclude>
    <ClInclude Include="Group.h">
      <Filter>Header Files</Filter>
    </ClInclude>
    <ClInclude Include="Initiator.h">
      <Filter>Header Files</Filter>
    </ClInclude>
    <ClInclude Include="Log.h">
      <Filter>Header Files</Filter>
    </ClInclude>
    <ClInclude Include="LogFactory.h">
      <Filter>Header Files</Filter>
    </ClInclude>
    <ClInclude Include="MemoryMessageStore.h">
      <Filter>Header Files</Filter>
    </ClInclude>
    <ClInclude Include="Message.h">
      <Filter>Header Files</Filter>
    </ClInclude>
    <ClInclude Include="MessageFactory.h">
      <Filter>Header Files</Filter>
    </ClInclude>
    <ClInclude Include="Messages.h">
      <Filter>Header Files</Filter>
    </ClInclude>
    <ClInclude Include="MessageStore.h">
      <Filter>Header Files</Filter>
    </ClInclude>
    <ClInclude Include="MessageStoreFactory.h">
      <Filter>Header Files</Filter>
    </ClInclude>
    <ClInclude Include="MySQLLog.h">
      <Filter>Header Files</Filter>
    </ClInclude>
    <ClInclude Include="MySQLStore.h">
      <Filter>Header Files</Filter>
    </ClInclude>
    <ClInclude Include="OdbcLog.h">
      <Filter>Header Files</Filter>
    </ClInclude>
    <ClInclude Include="OdbcStore.h">
      <Filter>Header Files</Filter>
    </ClInclude>
    <ClInclude Include="PostgreSQLLog.h">
      <Filter>Header Files</Filter>
    </ClInclude>
    <ClInclude Include="PostgreSQLStore.h">
      <Filter>Header Files</Filter>
    </ClInclude>
    <ClInclude Include="quickfix_net.h">
      <Filter>Header Files</Filter>
    </ClInclude>
    <ClInclude Include="ScreenLog.h">
      <Filter>Header Files</Filter>
    </ClInclude>
    <ClInclude Include="Session.h">
      <Filter>Header Files</Filter>
    </ClInclude>
    <ClInclude Include="SessionID.h">
      <Filter>Header Files</Filter>
    </ClInclude>
    <ClInclude Include="SessionSettings.h">
      <Filter>Header Files</Filter>
    </ClInclude>
    <ClInclude Include="SocketAcceptor.h">
      <Filter>Header Files</Filter>
    </ClInclude>
    <ClInclude Include="SocketInitiator.h">
      <Filter>Header Files</Filter>
    </ClInclude>
    <ClInclude Include="Stdafx.h">
      <Filter>Header Files</Filter>
    </ClInclude>
    <ClInclude Include="ThreadedSocketAcceptor.h">
      <Filter>Header Files</Filter>
    </ClInclude>
    <ClInclude Include="ThreadedSocketInitiator.h">
      <Filter>Header Files</Filter>
    </ClInclude>
  </ItemGroup>
  <ItemGroup>
    <None Include="ReadMe.txt" />
  </ItemGroup>
</Project>